
Microsoft Visual Studio Solution File, Format Version 12.00
# Visual Studio Version 17
VisualStudioVersion = 17.0.31912.275
MinimumVisualStudioVersion = 10.0.40219.1
Project("{FAE04EC0-301F-11D3-BF4B-00C04F79EFBC}") = "Notes.Android", "Notes\Notes.Android\Notes.Android.csproj", "{5E5E4AE9-22F7-4F6A-9850-225250A962FD}"
EndProject
Project("{FAE04EC0-301F-11D3-BF4B-00C04F79EFBC}") = "Notes.iOS", "Notes\Notes.iOS\Notes.iOS.csproj", "{C41F233F-477F-4D31-8693-F0A566E83451}"
EndProject
Project("{FAE04EC0-301F-11D3-BF4B-00C04F79EFBC}") = "Notes", "Notes\Notes\Notes.csproj", "{E4C29D0A-B522-48E8-91CB-293EC0AD5F5F}"
EndProject
Global
	GlobalSection(SolutionConfigurationPlatforms) = preSolution
		Debug|Any CPU = Debug|Any CPU
		Debug|iPhone = Debug|iPhone
		Debug|iPhoneSimulator = Debug|iPhoneSimulator
		Release|Any CPU = Release|Any CPU
		Release|iPhone = Release|iPhone
		Release|iPhoneSimulator = Release|iPhoneSimulator
	EndGlobalSection
	GlobalSection(ProjectConfigurationPlatforms) = postSolution
		{5E5E4AE9-22F7-4F6A-9850-225250A962FD}.Debug|Any CPU.ActiveCfg = Debug|Any CPU
		{5E5E4AE9-22F7-4F6A-9850-225250A962FD}.Debug|Any CPU.Build.0 = Debug|Any CPU
		{5E5E4AE9-22F7-4F6A-9850-225250A962FD}.Debug|Any CPU.Deploy.0 = Debug|Any CPU
		{5E5E4AE9-22F7-4F6A-9850-225250A962FD}.Debug|iPhone.ActiveCfg = Debug|Any CPU
		{5E5E4AE9-22F7-4F6A-9850-225250A962FD}.Debug|iPhone.Build.0 = Debug|Any CPU
		{5E5E4AE9-22F7-4F6A-9850-225250A962FD}.Debug|iPhone.Deploy.0 = Debug|Any CPU
		{5E5E4AE9-22F7-4F6A-9850-225250A962FD}.Debug|iPhoneSimulator.ActiveCfg = Debug|Any CPU
		{5E5E4AE9-22F7-4F6A-9850-225250A962FD}.Debug|iPhoneSimulator.Build.0 = Debug|Any CPU
		{5E5E4AE9-22F7-4F6A-9850-225250A962FD}.Debug|iPhoneSimulator.Deploy.0 = Debug|Any CPU
		{5E5E4AE9-22F7-4F6A-9850-225250A962FD}.Release|Any CPU.ActiveCfg = Release|Any CPU
		{5E5E4AE9-22F7-4F6A-9850-225250A962FD}.Release|Any CPU.Build.0 = Release|Any CPU
		{5E5E4AE9-22F7-4F6A-9850-225250A962FD}.Release|Any CPU.Deploy.0 = Release|Any CPU
		{5E5E4AE9-22F7-4F6A-9850-225250A962FD}.Release|iPhone.ActiveCfg = Release|Any CPU
		{5E5E4AE9-22F7-4F6A-9850-225250A962FD}.Release|iPhone.Build.0 = Release|Any CPU
		{5E5E4AE9-22F7-4F6A-9850-225250A962FD}.Release|iPhone.Deploy.0 = Release|Any CPU
		{5E5E4AE9-22F7-4F6A-9850-225250A962FD}.Release|iPhoneSimulator.ActiveCfg = Release|Any CPU
		{5E5E4AE9-22F7-4F6A-9850-225250A962FD}.Release|iPhoneSimulator.Build.0 = Release|Any CPU
		{5E5E4AE9-22F7-4F6A-9850-225250A962FD}.Release|iPhoneSimulator.Deploy.0 = Release|Any CPU
		{C41F233F-477F-4D31-8693-F0A566E83451}.Debug|Any CPU.ActiveCfg = Debug|iPhone
		{C41F233F-477F-4D31-8693-F0A566E83451}.Debug|Any CPU.Build.0 = Debug|iPhone
		{C41F233F-477F-4D31-8693-F0A566E83451}.Debug|Any CPU.Deploy.0 = Debug|iPhone
		{C41F233F-477F-4D31-8693-F0A566E83451}.Debug|iPhone.ActiveCfg = Debug|iPhone
		{C41F233F-477F-4D31-8693-F0A566E83451}.Debug|iPhone.Build.0 = Debug|iPhone
		{C41F233F-477F-4D31-8693-F0A566E83451}.Debug|iPhone.Deploy.0 = Debug|iPhone
		{C41F233F-477F-4D31-8693-F0A566E83451}.Debug|iPhoneSimulator.ActiveCfg = Debug|iPhoneSimulator
		{C41F233F-477F-4D31-8693-F0A566E83451}.Debug|iPhoneSimulator.Build.0 = Debug|iPhoneSimulator
		{C41F233F-477F-4D31-8693-F0A566E83451}.Debug|iPhoneSimulator.Deploy.0 = Debug|iPhoneSimulator
		{C41F233F-477F-4D31-8693-F0A566E83451}.Release|Any CPU.ActiveCfg = Release|iPhoneSimulator
		{C41F233F-477F-4D31-8693-F0A566E83451}.Release|Any CPU.Build.0 = Release|iPhoneSimulator
		{C41F233F-477F-4D31-8693-F0A566E83451}.Release|Any CPU.Deploy.0 = Release|iPhoneSimulator
		{C41F233F-477F-4D31-8693-F0A566E83451}.Release|iPhone.ActiveCfg = Release|iPhone
		{C41F233F-477F-4D31-8693-F0A566E83451}.Release|iPhone.Build.0 = Release|iPhone
		{C41F233F-477F-4D31-8693-F0A566E83451}.Release|iPhone.Deploy.0 = Release|iPhone
		{C41F233F-477F-4D31-8693-F0A566E83451}.Release|iPhoneSimulator.ActiveCfg = Release|iPhoneSimulator
		{C41F233F-477F-4D31-8693-F0A566E83451}.Release|iPhoneSimulator.Build.0 = Release|iPhoneSimulator
		{C41F233F-477F-4D31-8693-F0A566E83451}.Release|iPhoneSimulator.Deploy.0 = Release|iPhoneSimulator
		{E4C29D0A-B522-48E8-91CB-293EC0AD5F5F}.Debug|Any CPU.ActiveCfg = Debug|Any CPU
		{E4C29D0A-B522-48E8-91CB-293EC0AD5F5F}.Debug|Any CPU.Build.0 = Debug|Any CPU
		{E4C29D0A-B522-48E8-91CB-293EC0AD5F5F}.Debug|Any CPU.Deploy.0 = Debug|Any CPU
		{E4C29D0A-B522-48E8-91CB-293EC0AD5F5F}.Debug|iPhone.ActiveCfg = Debug|Any CPU
		{E4C29D0A-B522-48E8-91CB-293EC0AD5F5F}.Debug|iPhone.Build.0 = Debug|Any CPU
		{E4C29D0A-B522-48E8-91CB-293EC0AD5F5F}.Debug|iPhone.Deploy.0 = Debug|Any CPU
		{E4C29D0A-B522-48E8-91CB-293EC0AD5F5F}.Debug|iPhoneSimulator.ActiveCfg = Debug|Any CPU
		{E4C29D0A-B522-48E8-91CB-293EC0AD5F5F}.Debug|iPhoneSimulator.Build.0 = Debug|Any CPU
		{E4C29D0A-B522-48E8-91CB-293EC0AD5F5F}.Debug|iPhoneSimulator.Deploy.0 = Debug|Any CPU
		{E4C29D0A-B522-48E8-91CB-293EC0AD5F5F}.Release|Any CPU.ActiveCfg = Release|Any CPU
		{E4C29D0A-B522-48E8-91CB-293EC0AD5F5F}.Release|Any CPU.Build.0 = Release|Any CPU
		{E4C29D0A-B522-48E8-91CB-293EC0AD5F5F}.Release|Any CPU.Deploy.0 = Release|Any CPU
		{E4C29D0A-B522-48E8-91CB-293EC0AD5F5F}.Release|iPhone.ActiveCfg = Release|Any CPU
		{E4C29D0A-B522-48E8-91CB-293EC0AD5F5F}.Release|iPhone.Build.0 = Release|Any CPU
		{E4C29D0A-B522-48E8-91CB-293EC0AD5F5F}.Release|iPhone.Deploy.0 = Release|Any CPU
		{E4C29D0A-B522-48E8-91CB-293EC0AD5F5F}.Release|iPhoneSimulator.ActiveCfg = Release|Any CPU
		{E4C29D0A-B522-48E8-91CB-293EC0AD5F5F}.Release|iPhoneSimulator.Build.0 = Release|Any CPU
		{E4C29D0A-B522-48E8-91CB-293EC0AD5F5F}.Release|iPhoneSimulator.Deploy.0 = Release|Any CPU
	EndGlobalSection
	GlobalSection(SolutionProperties) = preSolution
		HideSolutionNode = FALSE
	EndGlobalSection
	GlobalSection(ExtensibilityGlobals) = postSolution
		SolutionGuid = {2E30FCA8-ECE0-4D6A-8CB5-64012D4FC83E}
	EndGlobalSection
EndGlobal
